
Microsoft Visual Studio Solution File, Format Version 12.00
# Visual Studio Version 17
VisualStudioVersion = 17.1.32421.90
MinimumVisualStudioVersion = 10.0.40219.1
Project("{2150E333-8FDC-42A3-9474-1A3956D46DE8}") = "Solution Items", "Solution Items", "{759EA5A3-4350-4D08-A059-919FA707F5C9}"
	ProjectSection(SolutionItems) = preProject
		.gitignore = .gitignore
		README.md = README.md
	EndProjectSection
EndProject
Project("{9A19103F-16F7-4668-BE54-9A1E7A4F7556}") = "Stride3DMarketPlace.Admin", "Stride3DMarketPlace.Admin\Stride3DMarketPlace.Admin.csproj", "{A6999291-4119-4459-8691-284AC07CB4FB}"
EndProject
Project("{9A19103F-16F7-4668-BE54-9A1E7A4F7556}") = "Stride3DMarketPlace.Persistance", "Stride3DMarketPlace.Data\Stride3DMarketPlace.Persistance.csproj", "{F9C716BB-4A9B-4A65-BB92-5B0DCA4882CD}"
EndProject
Project("{9A19103F-16F7-4668-BE54-9A1E7A4F7556}") = "Stride3DMarketPlace.Seller", "Stride3DMarketPlace.Publisher\Stride3DMarketPlace.Seller.csproj", "{682FEDCF-21E0-42FB-B3C2-13CD91DD0FFC}"
EndProject
Project("{9A19103F-16F7-4668-BE54-9A1E7A4F7556}") = "Stride3DMarketPlace.Store", "Stride3DMarketplace.Store\Stride3DMarketPlace.Store.csproj", "{152CE744-7E07-4B4B-80F1-770F4170A98C}"
EndProject
Project("{2150E333-8FDC-42A3-9474-1A3956D46DE8}") = "Resources", "Resources", "{9F972AB6-1B11-4B5C-9817-B1CC31094D09}"
EndProject
Global
	GlobalSection(SolutionConfigurationPlatforms) = preSolution
		Debug|Any CPU = Debug|Any CPU
		Release|Any CPU = Release|Any CPU
	EndGlobalSection
	GlobalSection(ProjectConfigurationPlatforms) = postSolution
		{A6999291-4119-4459-8691-284AC07CB4FB}.Debug|Any CPU.ActiveCfg = Debug|Any CPU
		{A6999291-4119-4459-8691-284AC07CB4FB}.Debug|Any CPU.Build.0 = Debug|Any CPU
		{A6999291-4119-4459-8691-284AC07CB4FB}.Release|Any CPU.ActiveCfg = Release|Any CPU
		{A6999291-4119-4459-8691-284AC07CB4FB}.Release|Any CPU.Build.0 = Release|Any CPU
		{F9C716BB-4A9B-4A65-BB92-5B0DCA4882CD}.Debug|Any CPU.ActiveCfg = Debug|Any CPU
		{F9C716BB-4A9B-4A65-BB92-5B0DCA4882CD}.Debug|Any CPU.Build.0 = Debug|Any CPU
		{F9C716BB-4A9B-4A65-BB92-5B0DCA4882CD}.Release|Any CPU.ActiveCfg = Release|Any CPU
		{F9C716BB-4A9B-4A65-BB92-5B0DCA4882CD}.Release|Any CPU.Build.0 = Release|Any CPU
		{682FEDCF-21E0-42FB-B3C2-13CD91DD0FFC}.Debug|Any CPU.ActiveCfg = Debug|Any CPU
		{682FEDCF-21E0-42FB-B3C2-13CD91DD0FFC}.Debug|Any CPU.Build.0 = Debug|Any CPU
		{682FEDCF-21E0-42FB-B3C2-13CD91DD0FFC}.Release|Any CPU.ActiveCfg = Release|Any CPU
		{682FEDCF-21E0-42FB-B3C2-13CD91DD0FFC}.Release|Any CPU.Build.0 = Release|Any CPU
		{152CE744-7E07-4B4B-80F1-770F4170A98C}.Debug|Any CPU.ActiveCfg = Debug|Any CPU
		{152CE744-7E07-4B4B-80F1-770F4170A98C}.Debug|Any CPU.Build.0 = Debug|Any CPU
		{152CE744-7E07-4B4B-80F1-770F4170A98C}.Release|Any CPU.ActiveCfg = Release|Any CPU
		{152CE744-7E07-4B4B-80F1-770F4170A98C}.Release|Any CPU.Build.0 = Release|Any CPU
	EndGlobalSection
	GlobalSection(SolutionProperties) = preSolution
		HideSolutionNode = FALSE
	EndGlobalSection
	GlobalSection(ExtensibilityGlobals) = postSolution
		SolutionGuid = {3DAC5002-2DDA-46CA-B4E0-B70EFE3C22D7}
	EndGlobalSection
EndGlobal
