
Microsoft Visual Studio Solution File, Format Version 12.00
# Visual Studio Version 17
VisualStudioVersion = 17.1.32421.90
MinimumVisualStudioVersion = 10.0.40219.1
Project("{2150E333-8FDC-42A3-9474-1A3956D46DE8}") = "Solution Items", "Solution Items", "{759EA5A3-4350-4D08-A059-919FA707F5C9}"
	ProjectSection(SolutionItems) = preProject
		.gitignore = .gitignore
		README.md = README.md
	EndProjectSection
EndProject
Project("{FAE04EC0-301F-11D3-BF4B-00C04F79EFBC}") = "Stride3DMarketPlace.Admin", "Stride3DMarketPlace.Admin\Stride3DMarketPlace.Admin.csproj", "{A6999291-4119-4459-8691-284AC07CB4FB}"
EndProject
Project("{FAE04EC0-301F-11D3-BF4B-00C04F79EFBC}") = "Stride3DMarketPlace.Client", "Stride3DMarketPlace.Client\Stride3DMarketPlace.Client.csproj", "{953B3AB4-5CEF-41EE-AB35-BBD24222A205}"
EndProject
Project("{FAE04EC0-301F-11D3-BF4B-00C04F79EFBC}") = "Stride3DMarketPlace.Database", "Stride3DMarketPlace.Data\Stride3DMarketPlace.Database.csproj", "{F9C716BB-4A9B-4A65-BB92-5B0DCA4882CD}"
EndProject
Global
	GlobalSection(SolutionConfigurationPlatforms) = preSolution
		Debug|Any CPU = Debug|Any CPU
		Release|Any CPU = Release|Any CPU
	EndGlobalSection
	GlobalSection(ProjectConfigurationPlatforms) = postSolution
		{A6999291-4119-4459-8691-284AC07CB4FB}.Debug|Any CPU.ActiveCfg = Debug|Any CPU
		{A6999291-4119-4459-8691-284AC07CB4FB}.Debug|Any CPU.Build.0 = Debug|Any CPU
		{A6999291-4119-4459-8691-284AC07CB4FB}.Release|Any CPU.ActiveCfg = Release|Any CPU
		{A6999291-4119-4459-8691-284AC07CB4FB}.Release|Any CPU.Build.0 = Release|Any CPU
		{953B3AB4-5CEF-41EE-AB35-BBD24222A205}.Debug|Any CPU.ActiveCfg = Debug|Any CPU
		{953B3AB4-5CEF-41EE-AB35-BBD24222A205}.Debug|Any CPU.Build.0 = Debug|Any CPU
		{953B3AB4-5CEF-41EE-AB35-BBD24222A205}.Release|Any CPU.ActiveCfg = Release|Any CPU
		{953B3AB4-5CEF-41EE-AB35-BBD24222A205}.Release|Any CPU.Build.0 = Release|Any CPU
		{F9C716BB-4A9B-4A65-BB92-5B0DCA4882CD}.Debug|Any CPU.ActiveCfg = Debug|Any CPU
		{F9C716BB-4A9B-4A65-BB92-5B0DCA4882CD}.Debug|Any CPU.Build.0 = Debug|Any CPU
		{F9C716BB-4A9B-4A65-BB92-5B0DCA4882CD}.Release|Any CPU.ActiveCfg = Release|Any CPU
		{F9C716BB-4A9B-4A65-BB92-5B0DCA4882CD}.Release|Any CPU.Build.0 = Release|Any CPU
	EndGlobalSection
	GlobalSection(SolutionProperties) = preSolution
		HideSolutionNode = FALSE
	EndGlobalSection
	GlobalSection(ExtensibilityGlobals) = postSolution
		SolutionGuid = {3DAC5002-2DDA-46CA-B4E0-B70EFE3C22D7}
	EndGlobalSection
EndGlobal
